
Microsoft Visual Studio Solution File, Format Version 12.00
# Visual Studio 2013
VisualStudioVersion = 12.0.31101.0
MinimumVisualStudioVersion = 10.0.40219.1
Project("{FAE04EC0-301F-11D3-BF4B-00C04F79EFBC}") = "WebApi2Book.Common", "WebApi2Book.Common\WebApi2Book.Common.csproj", "{0E65BA05-5FC8-4802-97E1-D62BCEE4A680}"
EndProject
Project("{FAE04EC0-301F-11D3-BF4B-00C04F79EFBC}") = "WebApi2Book.Data", "WebApi2Book.Data\WebApi2Book.Data.csproj", "{27BA3236-467B-434C-B3D5-5E18A4AF9C95}"
EndProject
Project("{FAE04EC0-301F-11D3-BF4B-00C04F79EFBC}") = "WebApi2Book.Data.SqlServer", "WebApi2Book.Data.SqlServer\WebApi2Book.Data.SqlServer.csproj", "{F832FDB6-BDC3-4DD7-A8D4-35106F63BC56}"
EndProject
Project("{FAE04EC0-301F-11D3-BF4B-00C04F79EFBC}") = "WebApi2Book.Web.Api.Models", "WebApi2Book.Web.Api.Models\WebApi2Book.Web.Api.Models.csproj", "{8BFFABC0-862B-4186-A249-7605D54B60FF}"
EndProject
Project("{FAE04EC0-301F-11D3-BF4B-00C04F79EFBC}") = "WebApi2Book.Web.Common", "WebApi2Book.Web.Common\WebApi2Book.Web.Common.csproj", "{CB2B6068-1868-4E8F-AAA9-E96F24309E1B}"
EndProject
Project("{FAE04EC0-301F-11D3-BF4B-00C04F79EFBC}") = "WebApi2Book.Web.Api", "WebApi2Book.Web.Api\WebApi2Book.Web.Api.csproj", "{452BA8F2-CCD4-403B-9E3E-24DE224E9A7A}"
EndProject
Project("{00D1A9C2-B5F0-4AF3-8072-F6C62B433612}") = "WebApi2BookDb", "WebApi2BookDb\WebApi2BookDb.sqlproj", "{CF2E5595-94C6-46A3-9C91-5BB1AB44BE6E}"
EndProject
Project("{2150E333-8FDC-42A3-9474-1A3956D46DE8}") = "app", "app", "{5E0EF1B2-9868-4BCA-91FA-E44BEC0DA98C}"
EndProject
Project("{2150E333-8FDC-42A3-9474-1A3956D46DE8}") = "db", "db", "{CA22051B-1369-4C64-9F1C-78D0EC1E9F46}"
EndProject
Project("{2150E333-8FDC-42A3-9474-1A3956D46DE8}") = "test", "test", "{FFC1DDAD-12B6-4045-A21C-F77BA20BB8FE}"
EndProject
Project("{FAE04EC0-301F-11D3-BF4B-00C04F79EFBC}") = "WebApi2Book.UnitTests", "WebApi2Book.UnitTests\WebApi2Book.UnitTests.csproj", "{C02BBC71-CB5B-4BCA-987E-D865F41EC724}"
EndProject
Project("{FAE04EC0-301F-11D3-BF4B-00C04F79EFBC}") = "WebApi2Book.IntegrationTests", "WebApi2Book.IntegrationTests\WebApi2Book.IntegrationTests.csproj", "{6CD66521-F89B-4DD6-ABF6-11B647FCA710}"
EndProject
Global
	GlobalSection(SolutionConfigurationPlatforms) = preSolution
		Debug|Any CPU = Debug|Any CPU
		Release|Any CPU = Release|Any CPU
	EndGlobalSection
	GlobalSection(ProjectConfigurationPlatforms) = postSolution
		{0E65BA05-5FC8-4802-97E1-D62BCEE4A680}.Debug|Any CPU.ActiveCfg = Debug|Any CPU
		{0E65BA05-5FC8-4802-97E1-D62BCEE4A680}.Debug|Any CPU.Build.0 = Debug|Any CPU
		{0E65BA05-5FC8-4802-97E1-D62BCEE4A680}.Release|Any CPU.ActiveCfg = Release|Any CPU
		{0E65BA05-5FC8-4802-97E1-D62BCEE4A680}.Release|Any CPU.Build.0 = Release|Any CPU
		{27BA3236-467B-434C-B3D5-5E18A4AF9C95}.Debug|Any CPU.ActiveCfg = Debug|Any CPU
		{27BA3236-467B-434C-B3D5-5E18A4AF9C95}.Debug|Any CPU.Build.0 = Debug|Any CPU
		{27BA3236-467B-434C-B3D5-5E18A4AF9C95}.Release|Any CPU.ActiveCfg = Release|Any CPU
		{27BA3236-467B-434C-B3D5-5E18A4AF9C95}.Release|Any CPU.Build.0 = Release|Any CPU
		{F832FDB6-BDC3-4DD7-A8D4-35106F63BC56}.Debug|Any CPU.ActiveCfg = Debug|Any CPU
		{F832FDB6-BDC3-4DD7-A8D4-35106F63BC56}.Debug|Any CPU.Build.0 = Debug|Any CPU
		{F832FDB6-BDC3-4DD7-A8D4-35106F63BC56}.Release|Any CPU.ActiveCfg = Release|Any CPU
		{F832FDB6-BDC3-4DD7-A8D4-35106F63BC56}.Release|Any CPU.Build.0 = Release|Any CPU
		{8BFFABC0-862B-4186-A249-7605D54B60FF}.Debug|Any CPU.ActiveCfg = Debug|Any CPU
		{8BFFABC0-862B-4186-A249-7605D54B60FF}.Debug|Any CPU.Build.0 = Debug|Any CPU
		{8BFFABC0-862B-4186-A249-7605D54B60FF}.Release|Any CPU.ActiveCfg = Release|Any CPU
		{8BFFABC0-862B-4186-A249-7605D54B60FF}.Release|Any CPU.Build.0 = Release|Any CPU
		{CB2B6068-1868-4E8F-AAA9-E96F24309E1B}.Debug|Any CPU.ActiveCfg = Debug|Any CPU
		{CB2B6068-1868-4E8F-AAA9-E96F24309E1B}.Debug|Any CPU.Build.0 = Debug|Any CPU
		{CB2B6068-1868-4E8F-AAA9-E96F24309E1B}.Release|Any CPU.ActiveCfg = Release|Any CPU
		{CB2B6068-1868-4E8F-AAA9-E96F24309E1B}.Release|Any CPU.Build.0 = Release|Any CPU
		{452BA8F2-CCD4-403B-9E3E-24DE224E9A7A}.Debug|Any CPU.ActiveCfg = Debug|Any CPU
		{452BA8F2-CCD4-403B-9E3E-24DE224E9A7A}.Debug|Any CPU.Build.0 = Debug|Any CPU
		{452BA8F2-CCD4-403B-9E3E-24DE224E9A7A}.Release|Any CPU.ActiveCfg = Release|Any CPU
		{452BA8F2-CCD4-403B-9E3E-24DE224E9A7A}.Release|Any CPU.Build.0 = Release|Any CPU
		{CF2E5595-94C6-46A3-9C91-5BB1AB44BE6E}.Debug|Any CPU.ActiveCfg = Debug|Any CPU
		{CF2E5595-94C6-46A3-9C91-5BB1AB44BE6E}.Debug|Any CPU.Build.0 = Debug|Any CPU
		{CF2E5595-94C6-46A3-9C91-5BB1AB44BE6E}.Debug|Any CPU.Deploy.0 = Debug|Any CPU
		{CF2E5595-94C6-46A3-9C91-5BB1AB44BE6E}.Release|Any CPU.ActiveCfg = Release|Any CPU
		{CF2E5595-94C6-46A3-9C91-5BB1AB44BE6E}.Release|Any CPU.Build.0 = Release|Any CPU
		{CF2E5595-94C6-46A3-9C91-5BB1AB44BE6E}.Release|Any CPU.Deploy.0 = Release|Any CPU
		{C02BBC71-CB5B-4BCA-987E-D865F41EC724}.Debug|Any CPU.ActiveCfg = Debug|Any CPU
		{C02BBC71-CB5B-4BCA-987E-D865F41EC724}.Debug|Any CPU.Build.0 = Debug|Any CPU
		{C02BBC71-CB5B-4BCA-987E-D865F41EC724}.Release|Any CPU.ActiveCfg = Release|Any CPU
		{C02BBC71-CB5B-4BCA-987E-D865F41EC724}.Release|Any CPU.Build.0 = Release|Any CPU
		{6CD66521-F89B-4DD6-ABF6-11B647FCA710}.Debug|Any CPU.ActiveCfg = Debug|Any CPU
		{6CD66521-F89B-4DD6-ABF6-11B647FCA710}.Debug|Any CPU.Build.0 = Debug|Any CPU
		{6CD66521-F89B-4DD6-ABF6-11B647FCA710}.Release|Any CPU.ActiveCfg = Release|Any CPU
		{6CD66521-F89B-4DD6-ABF6-11B647FCA710}.Release|Any CPU.Build.0 = Release|Any CPU
	EndGlobalSection
	GlobalSection(SolutionProperties) = preSolution
		HideSolutionNode = FALSE
	EndGlobalSection
	GlobalSection(NestedProjects) = preSolution
		{0E65BA05-5FC8-4802-97E1-D62BCEE4A680} = {5E0EF1B2-9868-4BCA-91FA-E44BEC0DA98C}
		{27BA3236-467B-434C-B3D5-5E18A4AF9C95} = {5E0EF1B2-9868-4BCA-91FA-E44BEC0DA98C}
		{F832FDB6-BDC3-4DD7-A8D4-35106F63BC56} = {5E0EF1B2-9868-4BCA-91FA-E44BEC0DA98C}
		{8BFFABC0-862B-4186-A249-7605D54B60FF} = {5E0EF1B2-9868-4BCA-91FA-E44BEC0DA98C}
		{CB2B6068-1868-4E8F-AAA9-E96F24309E1B} = {5E0EF1B2-9868-4BCA-91FA-E44BEC0DA98C}
		{452BA8F2-CCD4-403B-9E3E-24DE224E9A7A} = {5E0EF1B2-9868-4BCA-91FA-E44BEC0DA98C}
		{CF2E5595-94C6-46A3-9C91-5BB1AB44BE6E} = {CA22051B-1369-4C64-9F1C-78D0EC1E9F46}
		{C02BBC71-CB5B-4BCA-987E-D865F41EC724} = {FFC1DDAD-12B6-4045-A21C-F77BA20BB8FE}
		{6CD66521-F89B-4DD6-ABF6-11B647FCA710} = {FFC1DDAD-12B6-4045-A21C-F77BA20BB8FE}
	EndGlobalSection
EndGlobal
